
Microsoft Visual Studio Solution File, Format Version 12.00
# Visual Studio Version 16
VisualStudioVersion = 16.0.29806.167
MinimumVisualStudioVersion = 10.0.40219.1
Project("{FAE04EC0-301F-11D3-BF4B-00C04F79EFBC}") = "ChristmasLightsDatabase", "ChristmasLightsDatabase\ChristmasLightsDatabase.csproj", "{BF083627-D2D1-456D-BC4E-502CFC225149}"
EndProject
Global
	GlobalSection(SolutionConfigurationPlatforms) = preSolution
		Debug|Any CPU = Debug|Any CPU
		Release|Any CPU = Release|Any CPU
		testing|Any CPU = testing|Any CPU
	EndGlobalSection
	GlobalSection(ProjectConfigurationPlatforms) = postSolution
		{BF083627-D2D1-456D-BC4E-502CFC225149}.Debug|Any CPU.ActiveCfg = Debug|Any CPU
		{BF083627-D2D1-456D-BC4E-502CFC225149}.Debug|Any CPU.Build.0 = Debug|Any CPU
		{BF083627-D2D1-456D-BC4E-502CFC225149}.Debug|Any CPU.Deploy.0 = Debug|Any CPU
		{BF083627-D2D1-456D-BC4E-502CFC225149}.Release|Any CPU.ActiveCfg = Release|Any CPU
		{BF083627-D2D1-456D-BC4E-502CFC225149}.Release|Any CPU.Build.0 = Release|Any CPU
		{BF083627-D2D1-456D-BC4E-502CFC225149}.Release|Any CPU.Deploy.0 = Release|Any CPU
		{BF083627-D2D1-456D-BC4E-502CFC225149}.testing|Any CPU.ActiveCfg = Debug|Any CPU
		{BF083627-D2D1-456D-BC4E-502CFC225149}.testing|Any CPU.Build.0 = Debug|Any CPU
		{BF083627-D2D1-456D-BC4E-502CFC225149}.testing|Any CPU.Deploy.0 = Debug|Any CPU
	EndGlobalSection
	GlobalSection(SolutionProperties) = preSolution
		HideSolutionNode = FALSE
	EndGlobalSection
	GlobalSection(ExtensibilityGlobals) = postSolution
		SolutionGuid = {F700AE08-49AE-4AA9-ABBD-0A4C3ED0E95B}
	EndGlobalSection
EndGlobal
